
Microsoft Visual Studio Solution File, Format Version 12.00
# Visual Studio 2015
Project("{FAE04EC0-301F-11D3-BF4B-00C04F79EFBC}") = "scavar3.CSharp", "scavar3.CSharp.csproj", "{FFF72409-59B9-CA08-49FE-B0A7A12EF22A}"
EndProject
Project("{FAE04EC0-301F-11D3-BF4B-00C04F79EFBC}") = "scavar3.CSharp.Editor", "scavar3.CSharp.Editor.csproj", "{7277831B-6EBC-DC77-4957-23AF0D35E7B9}"
EndProject
Global
	GlobalSection(SolutionConfigurationPlatforms) = preSolution
		Debug|Any CPU = Debug|Any CPU
		Release|Any CPU = Release|Any CPU
	EndGlobalSection
	GlobalSection(ProjectConfigurationPlatforms) = postSolution
		{FFF72409-59B9-CA08-49FE-B0A7A12EF22A}.Debug|Any CPU.ActiveCfg = Debug|Any CPU
		{FFF72409-59B9-CA08-49FE-B0A7A12EF22A}.Debug|Any CPU.Build.0 = Debug|Any CPU
		{FFF72409-59B9-CA08-49FE-B0A7A12EF22A}.Release|Any CPU.ActiveCfg = Release|Any CPU
		{FFF72409-59B9-CA08-49FE-B0A7A12EF22A}.Release|Any CPU.Build.0 = Release|Any CPU
		{7277831B-6EBC-DC77-4957-23AF0D35E7B9}.Debug|Any CPU.ActiveCfg = Debug|Any CPU
		{7277831B-6EBC-DC77-4957-23AF0D35E7B9}.Debug|Any CPU.Build.0 = Debug|Any CPU
		{7277831B-6EBC-DC77-4957-23AF0D35E7B9}.Release|Any CPU.ActiveCfg = Release|Any CPU
		{7277831B-6EBC-DC77-4957-23AF0D35E7B9}.Release|Any CPU.Build.0 = Release|Any CPU
	EndGlobalSection
	GlobalSection(SolutionProperties) = preSolution
		HideSolutionNode = FALSE
	EndGlobalSection
EndGlobal
